
Microsoft Visual Studio Solution File, Format Version 12.00
# Visual Studio Version 16
VisualStudioVersion = 16.0.30011.22
MinimumVisualStudioVersion = 10.0.40219.1
Project("{FAE04EC0-301F-11D3-BF4B-00C04F79EFBC}") = "EzWorkout.Android", "EzWorkout\EzWorkout.Android\EzWorkout.Android.csproj", "{310ADBA4-5E5E-44EF-B8B9-E4A16649D665}"
EndProject
Project("{FAE04EC0-301F-11D3-BF4B-00C04F79EFBC}") = "EzWorkout.iOS", "EzWorkout\EzWorkout.iOS\EzWorkout.iOS.csproj", "{173205E7-A666-4096-8FA7-3352AC995257}"
EndProject
Project("{9A19103F-16F7-4668-BE54-9A1E7A4F7556}") = "EzWorkout", "EzWorkout\EzWorkout\EzWorkout.csproj", "{9BDB569C-D91B-4CCB-8423-4BD0CF99D368}"
EndProject
Project("{FAE04EC0-301F-11D3-BF4B-00C04F79EFBC}") = "Testing", "Testing\Testing.csproj", "{4D823327-A898-49D6-960B-B4F309533E52}"
EndProject
Global
	GlobalSection(SolutionConfigurationPlatforms) = preSolution
		Debug|Any CPU = Debug|Any CPU
		Debug|iPhone = Debug|iPhone
		Debug|iPhoneSimulator = Debug|iPhoneSimulator
		Release|Any CPU = Release|Any CPU
		Release|iPhone = Release|iPhone
		Release|iPhoneSimulator = Release|iPhoneSimulator
	EndGlobalSection
	GlobalSection(ProjectConfigurationPlatforms) = postSolution
		{310ADBA4-5E5E-44EF-B8B9-E4A16649D665}.Debug|Any CPU.ActiveCfg = Debug|Any CPU
		{310ADBA4-5E5E-44EF-B8B9-E4A16649D665}.Debug|Any CPU.Build.0 = Debug|Any CPU
		{310ADBA4-5E5E-44EF-B8B9-E4A16649D665}.Debug|Any CPU.Deploy.0 = Debug|Any CPU
		{310ADBA4-5E5E-44EF-B8B9-E4A16649D665}.Debug|iPhone.ActiveCfg = Debug|Any CPU
		{310ADBA4-5E5E-44EF-B8B9-E4A16649D665}.Debug|iPhone.Build.0 = Debug|Any CPU
		{310ADBA4-5E5E-44EF-B8B9-E4A16649D665}.Debug|iPhone.Deploy.0 = Debug|Any CPU
		{310ADBA4-5E5E-44EF-B8B9-E4A16649D665}.Debug|iPhoneSimulator.ActiveCfg = Debug|Any CPU
		{310ADBA4-5E5E-44EF-B8B9-E4A16649D665}.Debug|iPhoneSimulator.Build.0 = Debug|Any CPU
		{310ADBA4-5E5E-44EF-B8B9-E4A16649D665}.Debug|iPhoneSimulator.Deploy.0 = Debug|Any CPU
		{310ADBA4-5E5E-44EF-B8B9-E4A16649D665}.Release|Any CPU.ActiveCfg = Release|Any CPU
		{310ADBA4-5E5E-44EF-B8B9-E4A16649D665}.Release|Any CPU.Build.0 = Release|Any CPU
		{310ADBA4-5E5E-44EF-B8B9-E4A16649D665}.Release|Any CPU.Deploy.0 = Release|Any CPU
		{310ADBA4-5E5E-44EF-B8B9-E4A16649D665}.Release|iPhone.ActiveCfg = Release|Any CPU
		{310ADBA4-5E5E-44EF-B8B9-E4A16649D665}.Release|iPhone.Build.0 = Release|Any CPU
		{310ADBA4-5E5E-44EF-B8B9-E4A16649D665}.Release|iPhone.Deploy.0 = Release|Any CPU
		{310ADBA4-5E5E-44EF-B8B9-E4A16649D665}.Release|iPhoneSimulator.ActiveCfg = Release|Any CPU
		{310ADBA4-5E5E-44EF-B8B9-E4A16649D665}.Release|iPhoneSimulator.Build.0 = Release|Any CPU
		{310ADBA4-5E5E-44EF-B8B9-E4A16649D665}.Release|iPhoneSimulator.Deploy.0 = Release|Any CPU
		{173205E7-A666-4096-8FA7-3352AC995257}.Debug|Any CPU.ActiveCfg = Debug|iPhone
		{173205E7-A666-4096-8FA7-3352AC995257}.Debug|Any CPU.Build.0 = Debug|iPhone
		{173205E7-A666-4096-8FA7-3352AC995257}.Debug|Any CPU.Deploy.0 = Debug|iPhone
		{173205E7-A666-4096-8FA7-3352AC995257}.Debug|iPhone.ActiveCfg = Debug|iPhone
		{173205E7-A666-4096-8FA7-3352AC995257}.Debug|iPhone.Build.0 = Debug|iPhone
		{173205E7-A666-4096-8FA7-3352AC995257}.Debug|iPhone.Deploy.0 = Debug|iPhone
		{173205E7-A666-4096-8FA7-3352AC995257}.Debug|iPhoneSimulator.ActiveCfg = Debug|iPhoneSimulator
		{173205E7-A666-4096-8FA7-3352AC995257}.Debug|iPhoneSimulator.Build.0 = Debug|iPhoneSimulator
		{173205E7-A666-4096-8FA7-3352AC995257}.Debug|iPhoneSimulator.Deploy.0 = Debug|iPhoneSimulator
		{173205E7-A666-4096-8FA7-3352AC995257}.Release|Any CPU.ActiveCfg = Release|iPhone
		{173205E7-A666-4096-8FA7-3352AC995257}.Release|Any CPU.Build.0 = Release|iPhone
		{173205E7-A666-4096-8FA7-3352AC995257}.Release|Any CPU.Deploy.0 = Release|iPhone
		{173205E7-A666-4096-8FA7-3352AC995257}.Release|iPhone.ActiveCfg = Release|iPhone
		{173205E7-A666-4096-8FA7-3352AC995257}.Release|iPhone.Build.0 = Release|iPhone
		{173205E7-A666-4096-8FA7-3352AC995257}.Release|iPhone.Deploy.0 = Release|iPhone
		{173205E7-A666-4096-8FA7-3352AC995257}.Release|iPhoneSimulator.ActiveCfg = Release|iPhoneSimulator
		{173205E7-A666-4096-8FA7-3352AC995257}.Release|iPhoneSimulator.Build.0 = Release|iPhoneSimulator
		{173205E7-A666-4096-8FA7-3352AC995257}.Release|iPhoneSimulator.Deploy.0 = Release|iPhoneSimulator
		{9BDB569C-D91B-4CCB-8423-4BD0CF99D368}.Debug|Any CPU.ActiveCfg = Debug|Any CPU
		{9BDB569C-D91B-4CCB-8423-4BD0CF99D368}.Debug|Any CPU.Build.0 = Debug|Any CPU
		{9BDB569C-D91B-4CCB-8423-4BD0CF99D368}.Debug|Any CPU.Deploy.0 = Debug|Any CPU
		{9BDB569C-D91B-4CCB-8423-4BD0CF99D368}.Debug|iPhone.ActiveCfg = Debug|Any CPU
		{9BDB569C-D91B-4CCB-8423-4BD0CF99D368}.Debug|iPhone.Build.0 = Debug|Any CPU
		{9BDB569C-D91B-4CCB-8423-4BD0CF99D368}.Debug|iPhone.Deploy.0 = Debug|Any CPU
		{9BDB569C-D91B-4CCB-8423-4BD0CF99D368}.Debug|iPhoneSimulator.ActiveCfg = Debug|Any CPU
		{9BDB569C-D91B-4CCB-8423-4BD0CF99D368}.Debug|iPhoneSimulator.Build.0 = Debug|Any CPU
		{9BDB569C-D91B-4CCB-8423-4BD0CF99D368}.Debug|iPhoneSimulator.Deploy.0 = Debug|Any CPU
		{9BDB569C-D91B-4CCB-8423-4BD0CF99D368}.Release|Any CPU.ActiveCfg = Release|Any CPU
		{9BDB569C-D91B-4CCB-8423-4BD0CF99D368}.Release|Any CPU.Build.0 = Release|Any CPU
		{9BDB569C-D91B-4CCB-8423-4BD0CF99D368}.Release|Any CPU.Deploy.0 = Release|Any CPU
		{9BDB569C-D91B-4CCB-8423-4BD0CF99D368}.Release|iPhone.ActiveCfg = Release|Any CPU
		{9BDB569C-D91B-4CCB-8423-4BD0CF99D368}.Release|iPhone.Build.0 = Release|Any CPU
		{9BDB569C-D91B-4CCB-8423-4BD0CF99D368}.Release|iPhone.Deploy.0 = Release|Any CPU
		{9BDB569C-D91B-4CCB-8423-4BD0CF99D368}.Release|iPhoneSimulator.ActiveCfg = Release|Any CPU
		{9BDB569C-D91B-4CCB-8423-4BD0CF99D368}.Release|iPhoneSimulator.Build.0 = Release|Any CPU
		{9BDB569C-D91B-4CCB-8423-4BD0CF99D368}.Release|iPhoneSimulator.Deploy.0 = Release|Any CPU
		{4D823327-A898-49D6-960B-B4F309533E52}.Debug|Any CPU.ActiveCfg = Debug|Any CPU
		{4D823327-A898-49D6-960B-B4F309533E52}.Debug|Any CPU.Build.0 = Debug|Any CPU
		{4D823327-A898-49D6-960B-B4F309533E52}.Debug|iPhone.ActiveCfg = Debug|Any CPU
		{4D823327-A898-49D6-960B-B4F309533E52}.Debug|iPhone.Build.0 = Debug|Any CPU
		{4D823327-A898-49D6-960B-B4F309533E52}.Debug|iPhoneSimulator.ActiveCfg = Debug|Any CPU
		{4D823327-A898-49D6-960B-B4F309533E52}.Debug|iPhoneSimulator.Build.0 = Debug|Any CPU
		{4D823327-A898-49D6-960B-B4F309533E52}.Release|Any CPU.ActiveCfg = Release|Any CPU
		{4D823327-A898-49D6-960B-B4F309533E52}.Release|Any CPU.Build.0 = Release|Any CPU
		{4D823327-A898-49D6-960B-B4F309533E52}.Release|iPhone.ActiveCfg = Release|Any CPU
		{4D823327-A898-49D6-960B-B4F309533E52}.Release|iPhone.Build.0 = Release|Any CPU
		{4D823327-A898-49D6-960B-B4F309533E52}.Release|iPhoneSimulator.ActiveCfg = Release|Any CPU
		{4D823327-A898-49D6-960B-B4F309533E52}.Release|iPhoneSimulator.Build.0 = Release|Any CPU
	EndGlobalSection
	GlobalSection(SolutionProperties) = preSolution
		HideSolutionNode = FALSE
	EndGlobalSection
	GlobalSection(ExtensibilityGlobals) = postSolution
		SolutionGuid = {499B0B85-7707-4A9F-949C-6CB4AC1110EA}
	EndGlobalSection
EndGlobal
